
Microsoft Visual Studio Solution File, Format Version 12.00
Project("{FAE04EC0-301F-11D3-BF4B-00C04F79EFBC}") = "BattleShip.GameEngine", "BattleShip.GameEngine\BattleShip.GameEngine.csproj", "{1EA7FF20-327B-4EE8-8F2D-FF5E65221682}"
EndProject
Project("{FAE04EC0-301F-11D3-BF4B-00C04F79EFBC}") = "BattleShip.BFF", "BattleShip.BFF\BattleShip.BFF.csproj", "{FCDFE149-929C-4318-8938-CE54A212A6F0}"
EndProject
Global
	GlobalSection(SolutionConfigurationPlatforms) = preSolution
		Debug|Any CPU = Debug|Any CPU
		Release|Any CPU = Release|Any CPU
	EndGlobalSection
	GlobalSection(ProjectConfigurationPlatforms) = postSolution
		{1EA7FF20-327B-4EE8-8F2D-FF5E65221682}.Debug|Any CPU.ActiveCfg = Debug|Any CPU
		{1EA7FF20-327B-4EE8-8F2D-FF5E65221682}.Debug|Any CPU.Build.0 = Debug|Any CPU
		{1EA7FF20-327B-4EE8-8F2D-FF5E65221682}.Release|Any CPU.ActiveCfg = Release|Any CPU
		{1EA7FF20-327B-4EE8-8F2D-FF5E65221682}.Release|Any CPU.Build.0 = Release|Any CPU
		{FCDFE149-929C-4318-8938-CE54A212A6F0}.Debug|Any CPU.ActiveCfg = Debug|Any CPU
		{FCDFE149-929C-4318-8938-CE54A212A6F0}.Debug|Any CPU.Build.0 = Debug|Any CPU
		{FCDFE149-929C-4318-8938-CE54A212A6F0}.Release|Any CPU.ActiveCfg = Release|Any CPU
		{FCDFE149-929C-4318-8938-CE54A212A6F0}.Release|Any CPU.Build.0 = Release|Any CPU
	EndGlobalSection
EndGlobal
